
Microsoft Visual Studio Solution File, Format Version 12.00
# Visual Studio Version 17
VisualStudioVersion = 17.10.34916.146
MinimumVisualStudioVersion = 10.0.40219.1
Project("{FAE04EC0-301F-11D3-BF4B-00C04F79EFBC}") = "SecureDocumentExchange.Web", "SecureDocumentExchange.Web.csproj", "{252AB573-5B95-4232-ACB4-DA85DEF06DD6}"
EndProject
Project("{FAE04EC0-301F-11D3-BF4B-00C04F79EFBC}") = "SecureDocumentExchange.LawyerConsole", "..\SecureDocumentExchange.LawyerConsole\SecureDocumentExchange.LawyerConsole.csproj", "{7C1A4962-68BD-42C8-80BC-15E3D68CB19A}"
EndProject
Global
	GlobalSection(SolutionConfigurationPlatforms) = preSolution
		Debug|Any CPU = Debug|Any CPU
		Release|Any CPU = Release|Any CPU
	EndGlobalSection
	GlobalSection(ProjectConfigurationPlatforms) = postSolution
		{252AB573-5B95-4232-ACB4-DA85DEF06DD6}.Debug|Any CPU.ActiveCfg = Debug|Any CPU
		{252AB573-5B95-4232-ACB4-DA85DEF06DD6}.Debug|Any CPU.Build.0 = Debug|Any CPU
		{252AB573-5B95-4232-ACB4-DA85DEF06DD6}.Release|Any CPU.ActiveCfg = Release|Any CPU
		{252AB573-5B95-4232-ACB4-DA85DEF06DD6}.Release|Any CPU.Build.0 = Release|Any CPU
		{7C1A4962-68BD-42C8-80BC-15E3D68CB19A}.Debug|Any CPU.ActiveCfg = Debug|Any CPU
		{7C1A4962-68BD-42C8-80BC-15E3D68CB19A}.Debug|Any CPU.Build.0 = Debug|Any CPU
		{7C1A4962-68BD-42C8-80BC-15E3D68CB19A}.Release|Any CPU.ActiveCfg = Release|Any CPU
		{7C1A4962-68BD-42C8-80BC-15E3D68CB19A}.Release|Any CPU.Build.0 = Release|Any CPU
	EndGlobalSection
	GlobalSection(SolutionProperties) = preSolution
		HideSolutionNode = FALSE
	EndGlobalSection
	GlobalSection(ExtensibilityGlobals) = postSolution
		SolutionGuid = {939C0431-C84E-45B6-A2F0-FEC65C853264}
	EndGlobalSection
EndGlobal
